version = 1
revision = 2
requires-python = ">=3.12"
resolution-markers = [
    "sys_platform == 'darwin'",
    "platform_machine == 'aarch64' and sys_platform == 'linux'",
    "(platform_machine != 'aarch64' and sys_platform == 'linux') or (sys_platform != 'darwin' and sys_platform != 'linux')",
]

[[package]]
name = "aimlabs-cv"
version = "0.1.0"
source = { virtual = "." }
dependencies = [
    { name = "dxcam" },
    { name = "opencv-python" },
    { name = "pillow" },
    { name = "pyautogui" },
    { name = "pydirectinput" },
]

[package.metadata]
requires-dist = [
    { name = "dxcam", specifier = ">=0.0.5" },
    { name = "opencv-python", specifier = ">=4.11.0.86" },
    { name = "pillow", specifier = ">=11.2.1" },
    { name = "pyautogui", specifier = ">=0.9.54" },
    { name = "pydirectinput", specifier = ">=1.0.4" },
]

[[package]]
name = "comtypes"
version = "1.4.11"
source = { registry = "https://mirror.nju.edu.cn/pypi/web/simple" }
sdist = { url = "https://mirror.nju.edu.cn/pypi/web/packages/3c/b9/4431119a640f568190499fd76fac4b4ccb5695659c4b3aac570329c150ea/comtypes-1.4.11.zip", hash = "sha256:0a4259370ec48b685fe4483b0944ba1df0aa45163922073fe9b7df1d187db09e" }
wheels = [
    { url = "https://mirror.nju.edu.cn/pypi/web/packages/f1/f4/7b7fdbb613992013c4518a0bf8fee2915f79ec07bcfa6180569bca7fa8ef/comtypes-1.4.11-py3-none-any.whl", hash = "sha256:1760d5059ca7ca1d61b574c998378d879c271a86c41f88926619ea97497592bb" },
]

[[package]]
name = "dxcam"
version = "0.0.5"
source = { registry = "https://mirror.nju.edu.cn/pypi/web/simple" }
dependencies = [
    { name = "comtypes" },
    { name = "numpy" },
    { name = "opencv-python" },
]
sdist = { url = "https://mirror.nju.edu.cn/pypi/web/packages/1c/27/acfb31883047ffb6fc5cb4bdc5db17651d6009261033809fc04fcbc628b4/dxcam-0.0.5.tar.gz", hash = "sha256:1078d205f096b9d6911c39985ac9298b6fce837bc50e38327bf4600661f5b34c" }
wheels = [
    { url = "https://mirror.nju.edu.cn/pypi/web/packages/b1/2a/734b2e9700708beedaa12984a09f7f2544b507ff5da10c39955e4a7bf0e2/dxcam-0.0.5-py3-none-any.whl", hash = "sha256:c992fef7c381000e970b4564d265925f0cead4eae10489e79b2c1e7b250ebd86" },
]

[[package]]
name = "mouseinfo"
version = "0.1.3"
source = { registry = "https://mirror.nju.edu.cn/pypi/web/simple" }
dependencies = [
    { name = "pyperclip" },
    { name = "python3-xlib", marker = "sys_platform == 'linux'" },
    { name = "rubicon-objc", marker = "sys_platform == 'darwin'" },
]
sdist = { url = "https://mirror.nju.edu.cn/pypi/web/packages/28/fa/b2ba8229b9381e8f6381c1dcae6f4159a7f72349e414ed19cfbbd1817173/MouseInfo-0.1.3.tar.gz", hash = "sha256:2c62fb8885062b8e520a3cce0a297c657adcc08c60952eb05bc8256ef6f7f6e7" }

[[package]]
name = "numpy"
version = "2.3.2"
source = { registry = "https://mirror.nju.edu.cn/pypi/web/simple" }
sdist = { url = "https://mirror.nju.edu.cn/pypi/web/packages/37/7d/3fec4199c5ffb892bed55cff901e4f39a58c81df9c44c280499e92cad264/numpy-2.3.2.tar.gz", hash = "sha256:e0486a11ec30cdecb53f184d496d1c6a20786c81e55e41640270130056f8ee48" }
wheels = [
    { url = "https://mirror.nju.edu.cn/pypi/web/packages/00/6d/745dd1c1c5c284d17725e5c802ca4d45cfc6803519d777f087b71c9f4069/numpy-2.3.2-cp312-cp312-macosx_10_13_x86_64.whl", hash = "sha256:bc3186bea41fae9d8e90c2b4fb5f0a1f5a690682da79b92574d63f56b529080b" },
    { url = "https://mirror.nju.edu.cn/pypi/web/packages/bc/96/e7b533ea5740641dd62b07a790af5d9d8fec36000b8e2d0472bd7574105f/numpy-2.3.2-cp312-cp312-macosx_11_0_arm64.whl", hash = "sha256:2f4f0215edb189048a3c03bd5b19345bdfa7b45a7a6f72ae5945d2a28272727f" },
    { url = "https://mirror.nju.edu.cn/pypi/web/packages/2b/53/102c6122db45a62aa20d1b18c9986f67e6b97e0d6fbc1ae13e3e4c84430c/numpy-2.3.2-cp312-cp312-macosx_14_0_arm64.whl", hash = "sha256:8b1224a734cd509f70816455c3cffe13a4f599b1bf7130f913ba0e2c0b2006c0" },
    { url = "https://mirror.nju.edu.cn/pypi/web/packages/2b/21/376257efcbf63e624250717e82b4fae93d60178f09eb03ed766dbb48ec9c/numpy-2.3.2-cp312-cp312-macosx_14_0_x86_64.whl", hash = "sha256:3dcf02866b977a38ba3ec10215220609ab9667378a9e2150615673f3ffd6c73b" },
    { url = "https://mirror.nju.edu.cn/pypi/web/packages/91/ba/f4ebf257f08affa464fe6036e13f2bf9d4642a40228781dc1235da81be9f/numpy-2.3.2-cp312-cp312-manylinux_2_27_aarch64.manylinux_2_28_aarch64.whl", hash = "sha256:572d5512df5470f50ada8d1972c5f1082d9a0b7aa5944db8084077570cf98370" },
    { url = "https://mirror.nju.edu.cn/pypi/web/packages/59/ef/f96536f1df42c668cbacb727a8c6da7afc9c05ece6d558927fb1722693e1/numpy-2.3.2-cp312-cp312-manylinux_2_27_x86_64.manylinux_2_28_x86_64.whl", hash = "sha256:8145dd6d10df13c559d1e4314df29695613575183fa2e2d11fac4c208c8a1f73" },
    { url = "https://mirror.nju.edu.cn/pypi/web/packages/f6/a7/af813a7b4f9a42f498dde8a4c6fcbff8100eed00182cc91dbaf095645f38/numpy-2.3.2-cp312-cp312-musllinux_1_2_aarch64.whl", hash = "sha256:103ea7063fa624af04a791c39f97070bf93b96d7af7eb23530cd087dc8dbe9dc" },
    { url = "https://mirror.nju.edu.cn/pypi/web/packages/8b/5d/41c4ef8404caaa7f05ed1cfb06afe16a25895260eacbd29b4d84dff2920b/numpy-2.3.2-cp312-cp312-musllinux_1_2_x86_64.whl", hash = "sha256:fc927d7f289d14f5e037be917539620603294454130b6de200091e23d27dc9be" },
    { url = "https://mirror.nju.edu.cn/pypi/web/packages/a1/4f/9950e44c5a11636f4a3af6e825ec23003475cc9a466edb7a759ed3ea63bd/numpy-2.3.2-cp312-cp312-win32.whl", hash = "sha256:d95f59afe7f808c103be692175008bab926b59309ade3e6d25009e9a171f7036" },
    { url = "https://mirror.nju.edu.cn/pypi/web/packages/7c/2f/244643a5ce54a94f0a9a2ab578189c061e4a87c002e037b0829dd77293b6/numpy-2.3.2-cp312-cp312-win_amd64.whl", hash = "sha256:9e196ade2400c0c737d93465327d1ae7c06c7cb8a1756121ebf54b06ca183c7f" },
    { url = "https://mirror.nju.edu.cn/pypi/web/packages/54/cd/7b5f49d5d78db7badab22d8323c1b6ae458fbf86c4fdfa194ab3cd4eb39b/numpy-2.3.2-cp312-cp312-win_arm64.whl", hash = "sha256:ee807923782faaf60d0d7331f5e86da7d5e3079e28b291973c545476c2b00d07" },
    { url = "https://mirror.nju.edu.cn/pypi/web/packages/1c/c0/c6bb172c916b00700ed3bf71cb56175fd1f7dbecebf8353545d0b5519f6c/numpy-2.3.2-cp313-cp313-macosx_10_13_x86_64.whl", hash = "sha256:c8d9727f5316a256425892b043736d63e89ed15bbfe6556c5ff4d9d4448ff3b3" },
    { url = "https://mirror.nju.edu.cn/pypi/web/packages/20/4e/c116466d22acaf4573e58421c956c6076dc526e24a6be0903219775d862e/numpy-2.3.2-cp313-cp313-macosx_11_0_arm64.whl", hash = "sha256:efc81393f25f14d11c9d161e46e6ee348637c0a1e8a54bf9dedc472a3fae993b" },
    { url = "https://mirror.nju.edu.cn/pypi/web/packages/78/45/d4698c182895af189c463fc91d70805d455a227261d950e4e0f1310c2550/numpy-2.3.2-cp313-cp313-macosx_14_0_arm64.whl", hash = "sha256:dd937f088a2df683cbb79dda9a772b62a3e5a8a7e76690612c2737f38c6ef1b6" },
    { url = "https://mirror.nju.edu.cn/pypi/web/packages/9f/76/3e6880fef4420179309dba72a8c11f6166c431cf6dee54c577af8906f914/numpy-2.3.2-cp313-cp313-macosx_14_0_x86_64.whl", hash = "sha256:11e58218c0c46c80509186e460d79fbdc9ca1eb8d8aee39d8f2dc768eb781089" },
    { url = "https://mirror.nju.edu.cn/pypi/web/packages/34/fa/87ff7f25b3c4ce9085a62554460b7db686fef1e0207e8977795c7b7d7ba1/numpy-2.3.2-cp313-cp313-manylinux_2_27_aarch64.manylinux_2_28_aarch64.whl", hash = "sha256:5ad4ebcb683a1f99f4f392cc522ee20a18b2bb12a2c1c42c3d48d5a1adc9d3d2" },
    { url = "https://mirror.nju.edu.cn/pypi/web/packages/1d/0f/571b2c7a3833ae419fe69ff7b479a78d313581785203cc70a8db90121b9a/numpy-2.3.2-cp313-cp313-manylinux_2_27_x86_64.manylinux_2_28_x86_64.whl", hash = "sha256:938065908d1d869c7d75d8ec45f735a034771c6ea07088867f713d1cd3bbbe4f" },
    { url = "https://mirror.nju.edu.cn/pypi/web/packages/24/5a/84ae8dca9c9a4c592fe11340b36a86ffa9fd3e40513198daf8a97839345c/numpy-2.3.2-cp313-cp313-musllinux_1_2_aarch64.whl", hash = "sha256:66459dccc65d8ec98cc7df61307b64bf9e08101f9598755d42d8ae65d9a7a6ee" },
    { url = "https://mirror.nju.edu.cn/pypi/web/packages/57/7c/e5725d99a9133b9813fcf148d3f858df98511686e853169dbaf63aec6097/numpy-2.3.2-cp313-cp313-musllinux_1_2_x86_64.whl", hash = "sha256:a7af9ed2aa9ec5950daf05bb11abc4076a108bd3c7db9aa7251d5f107079b6a6" },
    { url = "https://mirror.nju.edu.cn/pypi/web/packages/ae/11/7c546fcf42145f29b71e4d6f429e96d8d68e5a7ba1830b2e68d7418f0bbd/numpy-2.3.2-cp313-cp313-win32.whl", hash = "sha256:906a30249315f9c8e17b085cc5f87d3f369b35fedd0051d4a84686967bdbbd0b" },
    { url = "https://mirror.nju.edu.cn/pypi/web/packages/aa/6f/a428fd1cb7ed39b4280d057720fed5121b0d7754fd2a9768640160f5517b/numpy-2.3.2-cp313-cp313-win_amd64.whl", hash = "sha256:c63d95dc9d67b676e9108fe0d2182987ccb0f11933c1e8959f42fa0da8d4fa56" },
    { url = "https://mirror.nju.edu.cn/pypi/web/packages/65/85/4ea455c9040a12595fb6c43f2c217257c7b52dd0ba332c6a6c1d28b289fe/numpy-2.3.2-cp313-cp313-win_arm64.whl", hash = "sha256:b05a89f2fb84d21235f93de47129dd4f11c16f64c87c33f5e284e6a3a54e43f2" },
    { url = "https://mirror.nju.edu.cn/pypi/web/packages/80/23/8278f40282d10c3f258ec3ff1b103d4994bcad78b0cba9208317f6bb73da/numpy-2.3.2-cp313-cp313t-macosx_10_13_x86_64.whl", hash = "sha256:4e6ecfeddfa83b02318f4d84acf15fbdbf9ded18e46989a15a8b6995dfbf85ab" },
    { url = "https://mirror.nju.edu.cn/pypi/web/packages/1f/2d/624f2ce4a5df52628b4ccd16a4f9437b37c35f4f8a50d00e962aae6efd7a/numpy-2.3.2-cp313-cp313t-macosx_11_0_arm64.whl", hash = "sha256:508b0eada3eded10a3b55725b40806a4b855961040180028f52580c4729916a2" },
    { url = "https://mirror.nju.edu.cn/pypi/web/packages/f6/62/ff1e512cdbb829b80a6bd08318a58698867bca0ca2499d101b4af063ee97/numpy-2.3.2-cp313-cp313t-macosx_14_0_arm64.whl", hash = "sha256:754d6755d9a7588bdc6ac47dc4ee97867271b17cee39cb87aef079574366db0a" },
    { url = "https://mirror.nju.edu.cn/pypi/web/packages/7d/8e/74bc18078fff03192d4032cfa99d5a5ca937807136d6f5790ce07ca53515/numpy-2.3.2-cp313-cp313t-macosx_14_0_x86_64.whl", hash = "sha256:a9f66e7d2b2d7712410d3bc5684149040ef5f19856f20277cd17ea83e5006286" },
    { url = "https://mirror.nju.edu.cn/pypi/web/packages/19/ea/0731efe2c9073ccca5698ef6a8c3667c4cf4eea53fcdcd0b50140aba03bc/numpy-2.3.2-cp313-cp313t-manylinux_2_27_aarch64.manylinux_2_28_aarch64.whl", hash = "sha256:de6ea4e5a65d5a90c7d286ddff2b87f3f4ad61faa3db8dabe936b34c2275b6f8" },
    { url = "https://mirror.nju.edu.cn/pypi/web/packages/cf/90/36be0865f16dfed20f4bc7f75235b963d5939707d4b591f086777412ff7b/numpy-2.3.2-cp313-cp313t-manylinux_2_27_x86_64.manylinux_2_28_x86_64.whl", hash = "sha256:a3ef07ec8cbc8fc9e369c8dcd52019510c12da4de81367d8b20bc692aa07573a" },
    { url = "https://mirror.nju.edu.cn/pypi/web/packages/94/30/06cd055e24cb6c38e5989a9e747042b4e723535758e6153f11afea88c01b/numpy-2.3.2-cp313-cp313t-musllinux_1_2_aarch64.whl", hash = "sha256:27c9f90e7481275c7800dc9c24b7cc40ace3fdb970ae4d21eaff983a32f70c91" },
    { url = "https://mirror.nju.edu.cn/pypi/web/packages/9a/14/ecede608ea73e58267fd7cb78f42341b3b37ba576e778a1a06baffbe585c/numpy-2.3.2-cp313-cp313t-musllinux_1_2_x86_64.whl", hash = "sha256:07b62978075b67eee4065b166d000d457c82a1efe726cce608b9db9dd66a73a5" },
    { url = "https://mirror.nju.edu.cn/pypi/web/packages/40/f3/2fe6066b8d07c3685509bc24d56386534c008b462a488b7f503ba82b8923/numpy-2.3.2-cp313-cp313t-win32.whl", hash = "sha256:c771cfac34a4f2c0de8e8c97312d07d64fd8f8ed45bc9f5726a7e947270152b5" },
    { url = "https://mirror.nju.edu.cn/pypi/web/packages/0b/ba/0937d66d05204d8f28630c9c60bc3eda68824abde4cf756c4d6aad03b0c6/numpy-2.3.2-cp313-cp313t-win_amd64.whl", hash = "sha256:72dbebb2dcc8305c431b2836bcc66af967df91be793d63a24e3d9b741374c450" },
    { url = "https://mirror.nju.edu.cn/pypi/web/packages/e9/ed/13542dd59c104d5e654dfa2ac282c199ba64846a74c2c4bcdbc3a0f75df1/numpy-2.3.2-cp313-cp313t-win_arm64.whl", hash = "sha256:72c6df2267e926a6d5286b0a6d556ebe49eae261062059317837fda12ddf0c1a" },
    { url = "https://mirror.nju.edu.cn/pypi/web/packages/c9/7c/7659048aaf498f7611b783e000c7268fcc4dcf0ce21cd10aad7b2e8f9591/numpy-2.3.2-cp314-cp314-macosx_10_13_x86_64.whl", hash = "sha256:448a66d052d0cf14ce9865d159bfc403282c9bc7bb2a31b03cc18b651eca8b1a" },
    { url = "https://mirror.nju.edu.cn/pypi/web/packages/80/db/984bea9d4ddf7112a04cfdfb22b1050af5757864cfffe8e09e44b7f11a10/numpy-2.3.2-cp314-cp314-macosx_11_0_arm64.whl", hash = "sha256:546aaf78e81b4081b2eba1d105c3b34064783027a06b3ab20b6eba21fb64132b" },
    { url = "https://mirror.nju.edu.cn/pypi/web/packages/e4/76/b3d6f414f4eca568f469ac112a3b510938d892bc5a6c190cb883af080b77/numpy-2.3.2-cp314-cp314-macosx_14_0_arm64.whl", hash = "sha256:87c930d52f45df092f7578889711a0768094debf73cfcde105e2d66954358125" },
    { url = "https://mirror.nju.edu.cn/pypi/web/packages/9e/d2/6f5e6826abd6bca52392ed88fe44a4b52aacb60567ac3bc86c67834c3a56/numpy-2.3.2-cp314-cp314-macosx_14_0_x86_64.whl", hash = "sha256:8dc082ea901a62edb8f59713c6a7e28a85daddcb67454c839de57656478f5b19" },
    { url = "https://mirror.nju.edu.cn/pypi/web/packages/c4/43/f12b2ade99199e39c73ad182f103f9d9791f48d885c600c8e05927865baf/numpy-2.3.2-cp314-cp314-manylinux_2_27_aarch64.manylinux_2_28_aarch64.whl", hash = "sha256:af58de8745f7fa9ca1c0c7c943616c6fe28e75d0c81f5c295810e3c83b5be92f" },
    { url = "https://mirror.nju.edu.cn/pypi/web/packages/5d/f9/77c07d94bf110a916b17210fac38680ed8734c236bfed9982fd8524a7b47/numpy-2.3.2-cp314-cp314-manylinux_2_27_x86_64.manylinux_2_28_x86_64.whl", hash = "sha256:fed5527c4cf10f16c6d0b6bee1f89958bccb0ad2522c8cadc2efd318bcd545f5" },
    { url = "https://mirror.nju.edu.cn/pypi/web/packages/9b/d1/9d9f2c8ea399cc05cfff8a7437453bd4e7d894373a93cdc46361bbb49a7d/numpy-2.3.2-cp314-cp314-musllinux_1_2_aarch64.whl", hash = "sha256:095737ed986e00393ec18ec0b21b47c22889ae4b0cd2d5e88342e08b01141f58" },
    { url = "https://mirror.nju.edu.cn/pypi/web/packages/4c/41/82e2c68aff2a0c9bf315e47d61951099fed65d8cb2c8d9dc388cb87e947e/numpy-2.3.2-cp314-cp314-musllinux_1_2_x86_64.whl", hash = "sha256:b5e40e80299607f597e1a8a247ff8d71d79c5b52baa11cc1cce30aa92d2da6e0" },
    { url = "https://mirror.nju.edu.cn/pypi/web/packages/14/14/4b4fd3efb0837ed252d0f583c5c35a75121038a8c4e065f2c259be06d2d8/numpy-2.3.2-cp314-cp314-win32.whl", hash = "sha256:7d6e390423cc1f76e1b8108c9b6889d20a7a1f59d9a60cac4a050fa734d6c1e2" },
    { url = "https://mirror.nju.edu.cn/pypi/web/packages/11/9e/b4c24a6b8467b61aced5c8dc7dcfce23621baa2e17f661edb2444a418040/numpy-2.3.2-cp314-cp314-win_amd64.whl", hash = "sha256:b9d0878b21e3918d76d2209c924ebb272340da1fb51abc00f986c258cd5e957b" },
    { url = "https://mirror.nju.edu.cn/pypi/web/packages/0e/0f/0dc44007c70b1007c1cef86b06986a3812dd7106d8f946c09cfa75782556/numpy-2.3.2-cp314-cp314-win_arm64.whl", hash = "sha256:2738534837c6a1d0c39340a190177d7d66fdf432894f469728da901f8f6dc910" },
    { url = "https://mirror.nju.edu.cn/pypi/web/packages/8b/3e/075752b79140b78ddfc9c0a1634d234cfdbc6f9bbbfa6b7504e445ad7d19/numpy-2.3.2-cp314-cp314t-macosx_10_13_x86_64.whl", hash = "sha256:4d002ecf7c9b53240be3bb69d80f86ddbd34078bae04d87be81c1f58466f264e" },
    { url = "https://mirror.nju.edu.cn/pypi/web/packages/fe/6d/60e8247564a72426570d0e0ea1151b95ce5bd2f1597bb878a18d32aec855/numpy-2.3.2-cp314-cp314t-macosx_11_0_arm64.whl", hash = "sha256:293b2192c6bcce487dbc6326de5853787f870aeb6c43f8f9c6496db5b1781e45" },
    { url = "https://mirror.nju.edu.cn/pypi/web/packages/4d/73/d8326c442cd428d47a067070c3ac6cc3b651a6e53613a1668342a12d4479/numpy-2.3.2-cp314-cp314t-macosx_14_0_arm64.whl", hash = "sha256:0a4f2021a6da53a0d580d6ef5db29947025ae8b35b3250141805ea9a32bbe86b" },
    { url = "https://mirror.nju.edu.cn/pypi/web/packages/34/2e/e71b2d6dad075271e7079db776196829019b90ce3ece5c69639e4f6fdc44/numpy-2.3.2-cp314-cp314t-macosx_14_0_x86_64.whl", hash = "sha256:9c144440db4bf3bb6372d2c3e49834cc0ff7bb4c24975ab33e01199e645416f2" },
    { url = "https://mirror.nju.edu.cn/pypi/web/packages/15/b0/d004bcd56c2c5e0500ffc65385eb6d569ffd3363cb5e593ae742749b2daa/numpy-2.3.2-cp314-cp314t-manylinux_2_27_aarch64.manylinux_2_28_aarch64.whl", hash = "sha256:f92d6c2a8535dc4fe4419562294ff957f83a16ebdec66df0805e473ffaad8bd0" },
    { url = "https://mirror.nju.edu.cn/pypi/web/packages/11/e3/285142fcff8721e0c99b51686426165059874c150ea9ab898e12a492e291/numpy-2.3.2-cp314-cp314t-manylinux_2_27_x86_64.manylinux_2_28_x86_64.whl", hash = "sha256:cefc2219baa48e468e3db7e706305fcd0c095534a192a08f31e98d83a7d45fb0" },
    { url = "https://mirror.nju.edu.cn/pypi/web/packages/33/c3/33b56b0e47e604af2c7cd065edca892d180f5899599b76830652875249a3/numpy-2.3.2-cp314-cp314t-musllinux_1_2_aarch64.whl", hash = "sha256:76c3e9501ceb50b2ff3824c3589d5d1ab4ac857b0ee3f8f49629d0de55ecf7c2" },
    { url = "https://mirror.nju.edu.cn/pypi/web/packages/6e/ae/7b1476a1f4d6a48bc669b8deb09939c56dd2a439db1ab03017844374fb67/numpy-2.3.2-cp314-cp314t-musllinux_1_2_x86_64.whl", hash = "sha256:122bf5ed9a0221b3419672493878ba4967121514b1d7d4656a7580cd11dddcbf" },
    { url = "https://mirror.nju.edu.cn/pypi/web/packages/14/ba/5b5c9978c4bb161034148ade2de9db44ec316fab89ce8c400db0e0c81f86/numpy-2.3.2-cp314-cp314t-win32.whl", hash = "sha256:6f1ae3dcb840edccc45af496f312528c15b1f79ac318169d094e85e4bb35fdf1" },
    { url = "https://mirror.nju.edu.cn/pypi/web/packages/eb/46/3dbaf0ae7c17cdc46b9f662c56da2054887b8d9e737c1476f335c83d33db/numpy-2.3.2-cp314-cp314t-win_amd64.whl", hash = "sha256:087ffc25890d89a43536f75c5fe8770922008758e8eeeef61733957041ed2f9b" },
    { url = "https://mirror.nju.edu.cn/pypi/web/packages/c1/9e/1652778bce745a67b5fe05adde60ed362d38eb17d919a540e813d30f6874/numpy-2.3.2-cp314-cp314t-win_arm64.whl", hash = "sha256:092aeb3449833ea9c0bf0089d70c29ae480685dd2377ec9cdbbb620257f84631" },
]

[[package]]
name = "opencv-python"
version = "4.11.0.86"
source = { registry = "https://mirror.nju.edu.cn/pypi/web/simple" }
dependencies = [
    { name = "numpy" },
]
sdist = { url = "https://mirror.nju.edu.cn/pypi/web/packages/17/06/68c27a523103dad5837dc5b87e71285280c4f098c60e4fe8a8db6486ab09/opencv-python-4.11.0.86.tar.gz", hash = "sha256:03d60ccae62304860d232272e4a4fda93c39d595780cb40b161b310244b736a4" }
wheels = [
    { url = "https://mirror.nju.edu.cn/pypi/web/packages/05/4d/53b30a2a3ac1f75f65a59eb29cf2ee7207ce64867db47036ad61743d5a23/opencv_python-4.11.0.86-cp37-abi3-macosx_13_0_arm64.whl", hash = "sha256:432f67c223f1dc2824f5e73cdfcd9db0efc8710647d4e813012195dc9122a52a" },
    { url = "https://mirror.nju.edu.cn/pypi/web/packages/3b/84/0a67490741867eacdfa37bc18df96e08a9d579583b419010d7f3da8ff503/opencv_python-4.11.0.86-cp37-abi3-macosx_13_0_x86_64.whl", hash = "sha256:9d05ef13d23fe97f575153558653e2d6e87103995d54e6a35db3f282fe1f9c66" },
    { url = "https://mirror.nju.edu.cn/pypi/web/packages/f3/bd/29c126788da65c1fb2b5fb621b7fed0ed5f9122aa22a0868c5e2c15c6d23/opencv_python-4.11.0.86-cp37-abi3-manylinux_2_17_aarch64.manylinux2014_aarch64.whl", hash = "sha256:1b92ae2c8852208817e6776ba1ea0d6b1e0a1b5431e971a2a0ddd2a8cc398202" },
    { url = "https://mirror.nju.edu.cn/pypi/web/packages/2c/8b/90eb44a40476fa0e71e05a0283947cfd74a5d36121a11d926ad6f3193cc4/opencv_python-4.11.0.86-cp37-abi3-manylinux_2_17_x86_64.manylinux2014_x86_64.whl", hash = "sha256:6b02611523803495003bd87362db3e1d2a0454a6a63025dc6658a9830570aa0d" },
    { url = "https://mirror.nju.edu.cn/pypi/web/packages/fb/d7/1d5941a9dde095468b288d989ff6539dd69cd429dbf1b9e839013d21b6f0/opencv_python-4.11.0.86-cp37-abi3-win32.whl", hash = "sha256:810549cb2a4aedaa84ad9a1c92fbfdfc14090e2749cedf2c1589ad8359aa169b" },
    { url = "https://mirror.nju.edu.cn/pypi/web/packages/a4/7d/f1c30a92854540bf789e9cd5dde7ef49bbe63f855b85a2e6b3db8135c591/opencv_python-4.11.0.86-cp37-abi3-win_amd64.whl", hash = "sha256:085ad9b77c18853ea66283e98affefe2de8cc4c1f43eda4c100cf9b2721142ec" },
]

[[package]]
name = "pillow"
version = "11.2.1"
source = { registry = "https://mirror.nju.edu.cn/pypi/web/simple" }
sdist = { url = "https://mirror.nju.edu.cn/pypi/web/packages/af/cb/bb5c01fcd2a69335b86c22142b2bccfc3464087efb7fd382eee5ffc7fdf7/pillow-11.2.1.tar.gz", hash = "sha256:a64dd61998416367b7ef979b73d3a85853ba9bec4c2925f74e588879a58716b6" }
wheels = [
    { url = "https://mirror.nju.edu.cn/pypi/web/packages/c7/40/052610b15a1b8961f52537cc8326ca6a881408bc2bdad0d852edeb6ed33b/pillow-11.2.1-cp312-cp312-macosx_10_13_x86_64.whl", hash = "sha256:78afba22027b4accef10dbd5eed84425930ba41b3ea0a86fa8d20baaf19d807f" },
    { url = "https://mirror.nju.edu.cn/pypi/web/packages/e5/7e/b86dbd35a5f938632093dc40d1682874c33dcfe832558fc80ca56bfcb774/pillow-11.2.1-cp312-cp312-macosx_11_0_arm64.whl", hash = "sha256:78092232a4ab376a35d68c4e6d5e00dfd73454bd12b230420025fbe178ee3b0b" },
    { url = "https://mirror.nju.edu.cn/pypi/web/packages/a4/5c/467a161f9ed53e5eab51a42923c33051bf8d1a2af4626ac04f5166e58e0c/pillow-11.2.1-cp312-cp312-manylinux_2_17_aarch64.manylinux2014_aarch64.whl", hash = "sha256:25a5f306095c6780c52e6bbb6109624b95c5b18e40aab1c3041da3e9e0cd3e2d" },
    { url = "https://mirror.nju.edu.cn/pypi/web/packages/62/73/972b7742e38ae0e2ac76ab137ca6005dcf877480da0d9d61d93b613065b4/pillow-11.2.1-cp312-cp312-manylinux_2_17_x86_64.manylinux2014_x86_64.whl", hash = "sha256:0c7b29dbd4281923a2bfe562acb734cee96bbb129e96e6972d315ed9f232bef4" },
    { url = "https://mirror.nju.edu.cn/pypi/web/packages/e4/3a/427e4cb0b9e177efbc1a84798ed20498c4f233abde003c06d2650a6d60cb/pillow-11.2.1-cp312-cp312-manylinux_2_28_aarch64.whl", hash = "sha256:3e645b020f3209a0181a418bffe7b4a93171eef6c4ef6cc20980b30bebf17b7d" },
    { url = "https://mirror.nju.edu.cn/pypi/web/packages/fe/7c/d8b1330458e4d2f3f45d9508796d7caf0c0d3764c00c823d10f6f1a3b76d/pillow-11.2.1-cp312-cp312-manylinux_2_28_x86_64.whl", hash = "sha256:b2dbea1012ccb784a65349f57bbc93730b96e85b42e9bf7b01ef40443db720b4" },
    { url = "https://mirror.nju.edu.cn/pypi/web/packages/b3/2f/65738384e0b1acf451de5a573d8153fe84103772d139e1e0bdf1596be2ea/pillow-11.2.1-cp312-cp312-musllinux_1_2_aarch64.whl", hash = "sha256:da3104c57bbd72948d75f6a9389e6727d2ab6333c3617f0a89d72d4940aa0443" },
    { url = "https://mirror.nju.edu.cn/pypi/web/packages/6a/c5/e795c9f2ddf3debb2dedd0df889f2fe4b053308bb59a3cc02a0cd144d641/pillow-11.2.1-cp312-cp312-musllinux_1_2_x86_64.whl", hash = "sha256:598174aef4589af795f66f9caab87ba4ff860ce08cd5bb447c6fc553ffee603c" },
    { url = "https://mirror.nju.edu.cn/pypi/web/packages/96/ae/ca0099a3995976a9fce2f423166f7bff9b12244afdc7520f6ed38911539a/pillow-11.2.1-cp312-cp312-win32.whl", hash = "sha256:1d535df14716e7f8776b9e7fee118576d65572b4aad3ed639be9e4fa88a1cad3" },
    { url = "https://mirror.nju.edu.cn/pypi/web/packages/7c/18/24bff2ad716257fc03da964c5e8f05d9790a779a8895d6566e493ccf0189/pillow-11.2.1-cp312-cp312-win_amd64.whl", hash = "sha256:14e33b28bf17c7a38eede290f77db7c664e4eb01f7869e37fa98a5aa95978941" },
    { url = "https://mirror.nju.edu.cn/pypi/web/packages/da/bb/e8d656c9543276517ee40184aaa39dcb41e683bca121022f9323ae11b39d/pillow-11.2.1-cp312-cp312-win_arm64.whl", hash = "sha256:21e1470ac9e5739ff880c211fc3af01e3ae505859392bf65458c224d0bf283eb" },
    { url = "https://mirror.nju.edu.cn/pypi/web/packages/36/9c/447528ee3776e7ab8897fe33697a7ff3f0475bb490c5ac1456a03dc57956/pillow-11.2.1-cp313-cp313-macosx_10_13_x86_64.whl", hash = "sha256:fdec757fea0b793056419bca3e9932eb2b0ceec90ef4813ea4c1e072c389eb28" },
    { url = "https://mirror.nju.edu.cn/pypi/web/packages/b5/09/29d5cd052f7566a63e5b506fac9c60526e9ecc553825551333e1e18a4858/pillow-11.2.1-cp313-cp313-macosx_11_0_arm64.whl", hash = "sha256:b0e130705d568e2f43a17bcbe74d90958e8a16263868a12c3e0d9c8162690830" },
    { url = "https://mirror.nju.edu.cn/pypi/web/packages/71/5d/446ee132ad35e7600652133f9c2840b4799bbd8e4adba881284860da0a36/pillow-11.2.1-cp313-cp313-manylinux_2_17_aarch64.manylinux2014_aarch64.whl", hash = "sha256:7bdb5e09068332578214cadd9c05e3d64d99e0e87591be22a324bdbc18925be0" },
    { url = "https://mirror.nju.edu.cn/pypi/web/packages/69/5f/cbe509c0ddf91cc3a03bbacf40e5c2339c4912d16458fcb797bb47bcb269/pillow-11.2.1-cp313-cp313-manylinux_2_17_x86_64.manylinux2014_x86_64.whl", hash = "sha256:d189ba1bebfbc0c0e529159631ec72bb9e9bc041f01ec6d3233d6d82eb823bc1" },
    { url = "https://mirror.nju.edu.cn/pypi/web/packages/f9/b3/dd4338d8fb8a5f312021f2977fb8198a1184893f9b00b02b75d565c33b51/pillow-11.2.1-cp313-cp313-manylinux_2_28_aarch64.whl", hash = "sha256:191955c55d8a712fab8934a42bfefbf99dd0b5875078240943f913bb66d46d9f" },
    { url = "https://mirror.nju.edu.cn/pypi/web/packages/13/eb/2552ecebc0b887f539111c2cd241f538b8ff5891b8903dfe672e997529be/pillow-11.2.1-cp313-cp313-manylinux_2_28_x86_64.whl", hash = "sha256:ad275964d52e2243430472fc5d2c2334b4fc3ff9c16cb0a19254e25efa03a155" },
    { url = "https://mirror.nju.edu.cn/pypi/web/packages/72/d1/924ce51bea494cb6e7959522d69d7b1c7e74f6821d84c63c3dc430cbbf3b/pillow-11.2.1-cp313-cp313-musllinux_1_2_aarch64.whl", hash = "sha256:750f96efe0597382660d8b53e90dd1dd44568a8edb51cb7f9d5d918b80d4de14" },
    { url = "https://mirror.nju.edu.cn/pypi/web/packages/43/ab/8f81312d255d713b99ca37479a4cb4b0f48195e530cdc1611990eb8fd04b/pillow-11.2.1-cp313-cp313-musllinux_1_2_x86_64.whl", hash = "sha256:fe15238d3798788d00716637b3d4e7bb6bde18b26e5d08335a96e88564a36b6b" },
    { url = "https://mirror.nju.edu.cn/pypi/web/packages/94/86/8f2e9d2dc3d308dfd137a07fe1cc478df0a23d42a6c4093b087e738e4827/pillow-11.2.1-cp313-cp313-win32.whl", hash = "sha256:3fe735ced9a607fee4f481423a9c36701a39719252a9bb251679635f99d0f7d2" },
    { url = "https://mirror.nju.edu.cn/pypi/web/packages/6d/ec/1179083b8d6067a613e4d595359b5fdea65d0a3b7ad623fee906e1b3c4d2/pillow-11.2.1-cp313-cp313-win_amd64.whl", hash = "sha256:74ee3d7ecb3f3c05459ba95eed5efa28d6092d751ce9bf20e3e253a4e497e691" },
    { url = "https://mirror.nju.edu.cn/pypi/web/packages/23/f1/2fc1e1e294de897df39fa8622d829b8828ddad938b0eaea256d65b84dd72/pillow-11.2.1-cp313-cp313-win_arm64.whl", hash = "sha256:5119225c622403afb4b44bad4c1ca6c1f98eed79db8d3bc6e4e160fc6339d66c" },
    { url = "https://mirror.nju.edu.cn/pypi/web/packages/c4/3e/c328c48b3f0ead7bab765a84b4977acb29f101d10e4ef57a5e3400447c03/pillow-11.2.1-cp313-cp313t-macosx_10_13_x86_64.whl", hash = "sha256:8ce2e8411c7aaef53e6bb29fe98f28cd4fbd9a1d9be2eeea434331aac0536b22" },
    { url = "https://mirror.nju.edu.cn/pypi/web/packages/18/0e/1c68532d833fc8b9f404d3a642991441d9058eccd5606eab31617f29b6d4/pillow-11.2.1-cp313-cp313t-macosx_11_0_arm64.whl", hash = "sha256:9ee66787e095127116d91dea2143db65c7bb1e232f617aa5957c0d9d2a3f23a7" },
    { url = "https://mirror.nju.edu.cn/pypi/web/packages/b7/cb/6faf3fb1e7705fd2db74e070f3bf6f88693601b0ed8e81049a8266de4754/pillow-11.2.1-cp313-cp313t-manylinux_2_17_aarch64.manylinux2014_aarch64.whl", hash = "sha256:9622e3b6c1d8b551b6e6f21873bdcc55762b4b2126633014cea1803368a9aa16" },
    { url = "https://mirror.nju.edu.cn/pypi/web/packages/07/94/8be03d50b70ca47fb434a358919d6a8d6580f282bbb7af7e4aa40103461d/pillow-11.2.1-cp313-cp313t-manylinux_2_17_x86_64.manylinux2014_x86_64.whl", hash = "sha256:63b5dff3a68f371ea06025a1a6966c9a1e1ee452fc8020c2cd0ea41b83e9037b" },
    { url = "https://mirror.nju.edu.cn/pypi/web/packages/fd/a4/bfe78777076dc405e3bd2080bc32da5ab3945b5a25dc5d8acaa9de64a162/pillow-11.2.1-cp313-cp313t-manylinux_2_28_aarch64.whl", hash = "sha256:31df6e2d3d8fc99f993fd253e97fae451a8db2e7207acf97859732273e108406" },
    { url = "https://mirror.nju.edu.cn/pypi/web/packages/65/4d/eaf9068dc687c24979e977ce5677e253624bd8b616b286f543f0c1b91662/pillow-11.2.1-cp313-cp313t-manylinux_2_28_x86_64.whl", hash = "sha256:062b7a42d672c45a70fa1f8b43d1d38ff76b63421cbbe7f88146b39e8a558d91" },
    { url = "https://mirror.nju.edu.cn/pypi/web/packages/1d/26/0fd443365d9c63bc79feb219f97d935cd4b93af28353cba78d8e77b61719/pillow-11.2.1-cp313-cp313t-musllinux_1_2_aarch64.whl", hash = "sha256:4eb92eca2711ef8be42fd3f67533765d9fd043b8c80db204f16c8ea62ee1a751" },
    { url = "https://mirror.nju.edu.cn/pypi/web/packages/49/65/dca4d2506be482c2c6641cacdba5c602bc76d8ceb618fd37de855653a419/pillow-11.2.1-cp313-cp313t-musllinux_1_2_x86_64.whl", hash = "sha256:f91ebf30830a48c825590aede79376cb40f110b387c17ee9bd59932c961044f9" },
    { url = "https://mirror.nju.edu.cn/pypi/web/packages/b3/92/1ca0c3f09233bd7decf8f7105a1c4e3162fb9142128c74adad0fb361b7eb/pillow-11.2.1-cp313-cp313t-win32.whl", hash = "sha256:e0b55f27f584ed623221cfe995c912c61606be8513bfa0e07d2c674b4516d9dd" },
    { url = "https://mirror.nju.edu.cn/pypi/web/packages/a5/ac/77525347cb43b83ae905ffe257bbe2cc6fd23acb9796639a1f56aa59d191/pillow-11.2.1-cp313-cp313t-win_amd64.whl", hash = "sha256:36d6b82164c39ce5482f649b437382c0fb2395eabc1e2b1702a6deb8ad647d6e" },
    { url = "https://mirror.nju.edu.cn/pypi/web/packages/67/32/32dc030cfa91ca0fc52baebbba2e009bb001122a1daa8b6a79ad830b38d3/pillow-11.2.1-cp313-cp313t-win_arm64.whl", hash = "sha256:225c832a13326e34f212d2072982bb1adb210e0cc0b153e688743018c94a2681" },
]

[[package]]
name = "pyautogui"
version = "0.9.54"
source = { registry = "https://mirror.nju.edu.cn/pypi/web/simple" }
dependencies = [
    { name = "mouseinfo" },
    { name = "pygetwindow" },
    { name = "pymsgbox" },
    { name = "pyobjc-core", marker = "sys_platform == 'darwin'" },
    { name = "pyobjc-framework-quartz", marker = "sys_platform == 'darwin'" },
    { name = "pyscreeze" },
    { name = "python3-xlib", marker = "sys_platform == 'linux'" },
    { name = "pytweening" },
]
sdist = { url = "https://mirror.nju.edu.cn/pypi/web/packages/65/ff/cdae0a8c2118a0de74b6cf4cbcdcaf8fd25857e6c3f205ce4b1794b27814/PyAutoGUI-0.9.54.tar.gz", hash = "sha256:dd1d29e8fd118941cb193f74df57e5c6ff8e9253b99c7b04f39cfc69f3ae04b2" }

[[package]]
name = "pydirectinput"
version = "1.0.4"
source = { registry = "https://mirror.nju.edu.cn/pypi/web/simple" }
sdist = { url = "https://mirror.nju.edu.cn/pypi/web/packages/5f/c0/cbcc5f1653d956ee2109b604747b7eaf37d59e50b41cc9dedabedf70aec6/PyDirectInput-1.0.4.tar.gz", hash = "sha256:bebe65102c69208688402f9f4cbd2ae7afc174fd2123e156e178b1304e7f80a2" }
wheels = [
    { url = "https://mirror.nju.edu.cn/pypi/web/packages/c9/8e/f909defe798270afc2241d3a8986d51459e70c37f02d2ba549627b781b2c/PyDirectInput-1.0.4-py3-none-any.whl", hash = "sha256:238bbe97f505f9c8728a47ea6a787750dbe834ec1fb42b98b3d703d827eda83e" },
]

[[package]]
name = "pygetwindow"
version = "0.0.9"
source = { registry = "https://mirror.nju.edu.cn/pypi/web/simple" }
dependencies = [
    { name = "pyrect" },
]
sdist = { url = "https://mirror.nju.edu.cn/pypi/web/packages/e1/70/c7a4f46dbf06048c6d57d9489b8e0f9c4c3d36b7479f03c5ca97eaa2541d/PyGetWindow-0.0.9.tar.gz", hash = "sha256:17894355e7d2b305cd832d717708384017c1698a90ce24f6f7fbf0242dd0a688" }

[[package]]
name = "pymsgbox"
version = "1.0.9"
source = { registry = "https://mirror.nju.edu.cn/pypi/web/simple" }
sdist = { url = "https://mirror.nju.edu.cn/pypi/web/packages/7d/ff/4c6f31a4f08979f12a663f2aeb6c8b765d3bd592e66eaaac445f547bb875/PyMsgBox-1.0.9.tar.gz", hash = "sha256:2194227de8bff7a3d6da541848705a155dcbb2a06ee120d9f280a1d7f51263ff" }

[[package]]
name = "pyobjc-core"
version = "11.1"
source = { registry = "https://mirror.nju.edu.cn/pypi/web/simple" }
sdist = { url = "https://mirror.nju.edu.cn/pypi/web/packages/e8/e9/0b85c81e2b441267bca707b5d89f56c2f02578ef8f3eafddf0e0c0b8848c/pyobjc_core-11.1.tar.gz", hash = "sha256:b63d4d90c5df7e762f34739b39cc55bc63dbcf9fb2fb3f2671e528488c7a87fe" }
wheels = [
    { url = "https://mirror.nju.edu.cn/pypi/web/packages/c0/09/e83228e878e73bf756749939f906a872da54488f18d75658afa7f1abbab1/pyobjc_core-11.1-cp312-cp312-macosx_10_13_universal2.whl", hash = "sha256:765b97dea6b87ec4612b3212258024d8496ea23517c95a1c5f0735f96b7fd529" },
    { url = "https://mirror.nju.edu.cn/pypi/web/packages/c5/24/12e4e2dae5f85fd0c0b696404ed3374ea6ca398e7db886d4f1322eb30799/pyobjc_core-11.1-cp313-cp313-macosx_10_13_universal2.whl", hash = "sha256:18986f83998fbd5d3f56d8a8428b2f3e0754fd15cef3ef786ca0d29619024f2c" },
    { url = "https://mirror.nju.edu.cn/pypi/web/packages/f7/79/031492497624de4c728f1857181b06ce8c56444db4d49418fa459cba217c/pyobjc_core-11.1-cp313-cp313t-macosx_10_13_universal2.whl", hash = "sha256:8849e78cfe6595c4911fbba29683decfb0bf57a350aed8a43316976ba6f659d2" },
    { url = "https://mirror.nju.edu.cn/pypi/web/packages/ed/7d/6169f16a0c7ec15b9381f8bf33872baf912de2ef68d96c798ca4c6ee641f/pyobjc_core-11.1-cp314-cp314-macosx_11_0_universal2.whl", hash = "sha256:8cb9ed17a8d84a312a6e8b665dd22393d48336ea1d8277e7ad20c19a38edf731" },
    { url = "https://mirror.nju.edu.cn/pypi/web/packages/49/0f/f5ab2b0e57430a3bec9a62b6153c0e79c05a30d77b564efdb9f9446eeac5/pyobjc_core-11.1-cp314-cp314t-macosx_11_0_universal2.whl", hash = "sha256:f2455683e807f8541f0d83fbba0f5d9a46128ab0d5cc83ea208f0bec759b7f96" },
]

[[package]]
name = "pyobjc-framework-cocoa"
version = "11.1"
source = { registry = "https://mirror.nju.edu.cn/pypi/web/simple" }
dependencies = [
    { name = "pyobjc-core", marker = "sys_platform == 'darwin'" },
]
sdist = { url = "https://mirror.nju.edu.cn/pypi/web/packages/4b/c5/7a866d24bc026f79239b74d05e2cf3088b03263da66d53d1b4cf5207f5ae/pyobjc_framework_cocoa-11.1.tar.gz", hash = "sha256:87df76b9b73e7ca699a828ff112564b59251bb9bbe72e610e670a4dc9940d038" }
wheels = [
    { url = "https://mirror.nju.edu.cn/pypi/web/packages/68/da/41c0f7edc92ead461cced7e67813e27fa17da3c5da428afdb4086c69d7ba/pyobjc_framework_cocoa-11.1-cp312-cp312-macosx_10_13_universal2.whl", hash = "sha256:806de56f06dfba8f301a244cce289d54877c36b4b19818e3b53150eb7c2424d0" },
    { url = "https://mirror.nju.edu.cn/pypi/web/packages/4e/0b/a01477cde2a040f97e226f3e15e5ffd1268fcb6d1d664885a95ba592eca9/pyobjc_framework_cocoa-11.1-cp313-cp313-macosx_10_13_universal2.whl", hash = "sha256:54e93e1d9b0fc41c032582a6f0834befe1d418d73893968f3f450281b11603da" },
    { url = "https://mirror.nju.edu.cn/pypi/web/packages/bc/e6/64cf2661f6ab7c124d0486ec6d1d01a9bb2838a0d2a46006457d8c5e6845/pyobjc_framework_cocoa-11.1-cp313-cp313t-macosx_10_13_universal2.whl", hash = "sha256:fd5245ee1997d93e78b72703be1289d75d88ff6490af94462b564892e9266350" },
    { url = "https://mirror.nju.edu.cn/pypi/web/packages/33/87/01e35c5a3c5bbdc93d5925366421e10835fcd7b23347b6c267df1b16d0b3/pyobjc_framework_cocoa-11.1-cp314-cp314-macosx_11_0_universal2.whl", hash = "sha256:aede53a1afc5433e1e7d66568cc52acceeb171b0a6005407a42e8e82580b4fc0" },
    { url = "https://mirror.nju.edu.cn/pypi/web/packages/c1/7c/54afe9ffee547c41e1161691e72067a37ed27466ac71c089bfdcd07ca70d/pyobjc_framework_cocoa-11.1-cp314-cp314t-macosx_11_0_universal2.whl", hash = "sha256:1b5de4e1757bb65689d6dc1f8d8717de9ec8587eb0c4831c134f13aba29f9b71" },
]

[[package]]
name = "pyobjc-framework-quartz"
version = "11.1"
source = { registry = "https://mirror.nju.edu.cn/pypi/web/simple" }
dependencies = [
    { name = "pyobjc-core", marker = "sys_platform == 'darwin'" },
    { name = "pyobjc-framework-cocoa", marker = "sys_platform == 'darwin'" },
]
sdist = { url = "https://mirror.nju.edu.cn/pypi/web/packages/c7/ac/6308fec6c9ffeda9942fef72724f4094c6df4933560f512e63eac37ebd30/pyobjc_framework_quartz-11.1.tar.gz", hash = "sha256:a57f35ccfc22ad48c87c5932818e583777ff7276605fef6afad0ac0741169f75" }
wheels = [
    { url = "https://mirror.nju.edu.cn/pypi/web/packages/9b/37/ee6e0bdd31b3b277fec00e5ee84d30eb1b5b8b0e025095e24ddc561697d0/pyobjc_framework_quartz-11.1-cp312-cp312-macosx_10_13_universal2.whl", hash = "sha256:9ac806067541917d6119b98d90390a6944e7d9bd737f5c0a79884202327c9204" },
    { url = "https://mirror.nju.edu.cn/pypi/web/packages/bd/27/4f4fc0e6a0652318c2844608dd7c41e49ba6006ee5fb60c7ae417c338357/pyobjc_framework_quartz-11.1-cp313-cp313-macosx_10_13_universal2.whl", hash = "sha256:43a1138280571bbf44df27a7eef519184b5c4183a588598ebaaeb887b9e73e76" },
    { url = "https://mirror.nju.edu.cn/pypi/web/packages/b8/8a/1d15e42496bef31246f7401aad1ebf0f9e11566ce0de41c18431715aafbc/pyobjc_framework_quartz-11.1-cp313-cp313t-macosx_10_13_universal2.whl", hash = "sha256:b23d81c30c564adf6336e00b357f355b35aad10075dd7e837cfd52a9912863e5" },
    { url = "https://mirror.nju.edu.cn/pypi/web/packages/32/a8/a3f84d06e567efc12c104799c7fd015f9bea272a75f799eda8b79e8163c6/pyobjc_framework_quartz-11.1-cp314-cp314-macosx_11_0_universal2.whl", hash = "sha256:07cbda78b4a8fcf3a2d96e047a2ff01f44e3e1820f46f0f4b3b6d77ff6ece07c" },
    { url = "https://mirror.nju.edu.cn/pypi/web/packages/76/ef/8c08d4f255bb3efe8806609d1f0b1ddd29684ab0f9ffb5e26d3ad7957b29/pyobjc_framework_quartz-11.1-cp314-cp314t-macosx_11_0_universal2.whl", hash = "sha256:39d02a3df4b5e3eee1e0da0fb150259476910d2a9aa638ab94153c24317a9561" },
]

[[package]]
name = "pyperclip"
version = "1.9.0"
source = { registry = "https://mirror.nju.edu.cn/pypi/web/simple" }
sdist = { url = "https://mirror.nju.edu.cn/pypi/web/packages/30/23/2f0a3efc4d6a32f3b63cdff36cd398d9701d26cda58e3ab97ac79fb5e60d/pyperclip-1.9.0.tar.gz", hash = "sha256:b7de0142ddc81bfc5c7507eea19da920b92252b548b96186caf94a5e2527d310" }

[[package]]
name = "pyrect"
version = "0.2.0"
source = { registry = "https://mirror.nju.edu.cn/pypi/web/simple" }
sdist = { url = "https://mirror.nju.edu.cn/pypi/web/packages/cb/04/2ba023d5f771b645f7be0c281cdacdcd939fe13d1deb331fc5ed1a6b3a98/PyRect-0.2.0.tar.gz", hash = "sha256:f65155f6df9b929b67caffbd57c0947c5ae5449d3b580d178074bffb47a09b78" }

[[package]]
name = "pyscreeze"
version = "1.0.1"
source = { registry = "https://mirror.nju.edu.cn/pypi/web/simple" }
sdist = { url = "https://mirror.nju.edu.cn/pypi/web/packages/ee/f0/cb456ac4f1a73723d5b866933b7986f02bacea27516629c00f8e7da94c2d/pyscreeze-1.0.1.tar.gz", hash = "sha256:cf1662710f1b46aa5ff229ee23f367da9e20af4a78e6e365bee973cad0ead4be" }

[[package]]
name = "python3-xlib"
version = "0.15"
source = { registry = "https://mirror.nju.edu.cn/pypi/web/simple" }
sdist = { url = "https://mirror.nju.edu.cn/pypi/web/packages/ef/c6/2c5999de3bb1533521f1101e8fe56fd9c266732f4d48011c7c69b29d12ae/python3-xlib-0.15.tar.gz", hash = "sha256:dc4245f3ae4aa5949c1d112ee4723901ade37a96721ba9645f2bfa56e5b383f8" }

[[package]]
name = "pytweening"
version = "1.2.0"
source = { registry = "https://mirror.nju.edu.cn/pypi/web/simple" }
sdist = { url = "https://mirror.nju.edu.cn/pypi/web/packages/79/0c/c16bc93ac2755bac0066a8ecbd2a2931a1735a6fffd99a2b9681c7e83e90/pytweening-1.2.0.tar.gz", hash = "sha256:243318b7736698066c5f362ec5c2b6434ecf4297c3c8e7caa8abfe6af4cac71b" }

[[package]]
name = "rubicon-objc"
version = "0.5.2"
source = { registry = "https://mirror.nju.edu.cn/pypi/web/simple" }
sdist = { url = "https://mirror.nju.edu.cn/pypi/web/packages/a7/2f/612049b8601e810080f63f4b85acbf2ed0784349088d3c944eb288e1d487/rubicon_objc-0.5.2.tar.gz", hash = "sha256:1180593935f6a8a39c23b5f4b7baa24aedf9f7285e80804a1d9d6b50a50572f5" }
wheels = [
    { url = "https://mirror.nju.edu.cn/pypi/web/packages/9f/a4/11ad29100060af56408ed084dca76a16d2ce8eb31b75081bfc0eec45d755/rubicon_objc-0.5.2-py3-none-any.whl", hash = "sha256:829b253c579e51fc34f4bb6587c34806e78960dcc1eb24e62b38141a1fe02b39" },
]
